
Microsoft Visual Studio Solution File, Format Version 12.00
# Visual Studio Version 17
VisualStudioVersion = 17.5.33424.131
MinimumVisualStudioVersion = 10.0.40219.1
Project("{9A19103F-16F7-4668-BE54-9A1E7A4F7556}") = "LogParser", "LogParser.csproj", "{C14B613B-96A2-4F4C-A5B9-98BD39BF9F96}"
EndProject
Project("{2150E333-8FDC-42A3-9474-1A3956D46DE8}") = "Solution Items", "Solution Items", "{BC5788E8-1FE0-4C98-A57E-1003A201A124}"
	ProjectSection(SolutionItems) = preProject
		.editorconfig = .editorconfig
	EndProjectSection
EndProject
Global
	GlobalSection(SolutionConfigurationPlatforms) = preSolution
		Debug|Any CPU = Debug|Any CPU
		Release|Any CPU = Release|Any CPU
	EndGlobalSection
	GlobalSection(ProjectConfigurationPlatforms) = postSolution
		{C14B613B-96A2-4F4C-A5B9-98BD39BF9F96}.Debug|Any CPU.ActiveCfg = Debug|Any CPU
		{C14B613B-96A2-4F4C-A5B9-98BD39BF9F96}.Debug|Any CPU.Build.0 = Debug|Any CPU
		{C14B613B-96A2-4F4C-A5B9-98BD39BF9F96}.Release|Any CPU.ActiveCfg = Release|Any CPU
		{C14B613B-96A2-4F4C-A5B9-98BD39BF9F96}.Release|Any CPU.Build.0 = Release|Any CPU
	EndGlobalSection
	GlobalSection(SolutionProperties) = preSolution
		HideSolutionNode = FALSE
	EndGlobalSection
	GlobalSection(ExtensibilityGlobals) = postSolution
		SolutionGuid = {0A8EF023-DE45-4098-BEB3-F0EB2BA8E4B4}
	EndGlobalSection
EndGlobal
